
Microsoft Visual Studio Solution File, Format Version 12.00
# Visual Studio 15
VisualStudioVersion = 15.0.28307.572
MinimumVisualStudioVersion = 10.0.40219.1
Project("{8BC9CEB8-8B4A-11D0-8D11-00A0C91BC942}") = "работа с множествами (без формы)", "работа с множествами (без формы)\работа с множествами (без формы).vcxproj", "{B6DED578-6AD4-4D07-ABA5-16BB1F192472}"
EndProject
Global
	GlobalSection(SolutionConfigurationPlatforms) = preSolution
		Debug|x64 = Debug|x64
		Debug|x86 = Debug|x86
		Release|x64 = Release|x64
		Release|x86 = Release|x86
	EndGlobalSection
	GlobalSection(ProjectConfigurationPlatforms) = postSolution
		{B6DED578-6AD4-4D07-ABA5-16BB1F192472}.Debug|x64.ActiveCfg = Debug|x64
		{B6DED578-6AD4-4D07-ABA5-16BB1F192472}.Debug|x64.Build.0 = Debug|x64
		{B6DED578-6AD4-4D07-ABA5-16BB1F192472}.Debug|x86.ActiveCfg = Debug|Win32
		{B6DED578-6AD4-4D07-ABA5-16BB1F192472}.Debug|x86.Build.0 = Debug|Win32
		{B6DED578-6AD4-4D07-ABA5-16BB1F192472}.Release|x64.ActiveCfg = Release|x64
		{B6DED578-6AD4-4D07-ABA5-16BB1F192472}.Release|x64.Build.0 = Release|x64
		{B6DED578-6AD4-4D07-ABA5-16BB1F192472}.Release|x86.ActiveCfg = Release|Win32
		{B6DED578-6AD4-4D07-ABA5-16BB1F192472}.Release|x86.Build.0 = Release|Win32
	EndGlobalSection
	GlobalSection(SolutionProperties) = preSolution
		HideSolutionNode = FALSE
	EndGlobalSection
	GlobalSection(ExtensibilityGlobals) = postSolution
		SolutionGuid = {65B9CE35-9590-4626-BE5A-A5687F6DF730}
	EndGlobalSection
EndGlobal
